
Microsoft Visual Studio Solution File, Format Version 12.00
# Visual Studio Version 17
VisualStudioVersion = 17.4.33213.308
MinimumVisualStudioVersion = 10.0.40219.1
Project("{9A19103F-16F7-4668-BE54-9A1E7A4F7556}") = "MetaPhoto", "MetaPhoto\MetaPhoto.csproj", "{3A672447-BCA6-4D03-B38C-601A7242222F}"
EndProject
Project("{FAE04EC0-301F-11D3-BF4B-00C04F79EFBC}") = "MetaPhotoTests", "MetaPhotoTests\MetaPhotoTests.csproj", "{FA7CF77E-661D-4AE7-A37B-7F4812E302DD}"
EndProject
Global
	GlobalSection(SolutionConfigurationPlatforms) = preSolution
		Debug|Any CPU = Debug|Any CPU
		Release|Any CPU = Release|Any CPU
	EndGlobalSection
	GlobalSection(ProjectConfigurationPlatforms) = postSolution
		{3A672447-BCA6-4D03-B38C-601A7242222F}.Debug|Any CPU.ActiveCfg = Debug|Any CPU
		{3A672447-BCA6-4D03-B38C-601A7242222F}.Debug|Any CPU.Build.0 = Debug|Any CPU
		{3A672447-BCA6-4D03-B38C-601A7242222F}.Release|Any CPU.ActiveCfg = Release|Any CPU
		{3A672447-BCA6-4D03-B38C-601A7242222F}.Release|Any CPU.Build.0 = Release|Any CPU
		{FA7CF77E-661D-4AE7-A37B-7F4812E302DD}.Debug|Any CPU.ActiveCfg = Debug|Any CPU
		{FA7CF77E-661D-4AE7-A37B-7F4812E302DD}.Debug|Any CPU.Build.0 = Debug|Any CPU
		{FA7CF77E-661D-4AE7-A37B-7F4812E302DD}.Release|Any CPU.ActiveCfg = Release|Any CPU
		{FA7CF77E-661D-4AE7-A37B-7F4812E302DD}.Release|Any CPU.Build.0 = Release|Any CPU
	EndGlobalSection
	GlobalSection(SolutionProperties) = preSolution
		HideSolutionNode = FALSE
	EndGlobalSection
	GlobalSection(ExtensibilityGlobals) = postSolution
		SolutionGuid = {E227C047-6C00-41EA-B9CA-940042C7FEC2}
	EndGlobalSection
EndGlobal
